
Microsoft Visual Studio Solution File, Format Version 12.00
# Visual Studio 15
VisualStudioVersion = 15.0.28010.2041
MinimumVisualStudioVersion = 10.0.40219.1
Project("{FAE04EC0-301F-11D3-BF4B-00C04F79EFBC}") = "FilaImpressao", "FilaImpressao.csproj", "{42093E3C-F4E2-49F3-9ED3-30069013E5E5}"
EndProject
Global
	GlobalSection(SolutionConfigurationPlatforms) = preSolution
		Debug|Any CPU = Debug|Any CPU
		Release|Any CPU = Release|Any CPU
	EndGlobalSection
	GlobalSection(ProjectConfigurationPlatforms) = postSolution
		{42093E3C-F4E2-49F3-9ED3-30069013E5E5}.Debug|Any CPU.ActiveCfg = Debug|Any CPU
		{42093E3C-F4E2-49F3-9ED3-30069013E5E5}.Debug|Any CPU.Build.0 = Debug|Any CPU
		{42093E3C-F4E2-49F3-9ED3-30069013E5E5}.Release|Any CPU.ActiveCfg = Release|Any CPU
		{42093E3C-F4E2-49F3-9ED3-30069013E5E5}.Release|Any CPU.Build.0 = Release|Any CPU
	EndGlobalSection
	GlobalSection(SolutionProperties) = preSolution
		HideSolutionNode = FALSE
	EndGlobalSection
	GlobalSection(ExtensibilityGlobals) = postSolution
		SolutionGuid = {D3FEF638-3C49-473E-9C7F-2E29F8D714E8}
	EndGlobalSection
EndGlobal
